
Microsoft Visual Studio Solution File, Format Version 12.00
# Visual Studio Version 16
VisualStudioVersion = 16.0.29306.81
MinimumVisualStudioVersion = 10.0.40219.1
Project("{FAE04EC0-301F-11D3-BF4B-00C04F79EFBC}") = "AttributedCarLibrary", "AttributedCarLibrary.csproj", "{44049BF0-AA1A-439E-BB81-3474E9111CF3}"
EndProject
Global
	GlobalSection(SolutionConfigurationPlatforms) = preSolution
		Debug|Any CPU = Debug|Any CPU
		Release|Any CPU = Release|Any CPU
	EndGlobalSection
	GlobalSection(ProjectConfigurationPlatforms) = postSolution
		{44049BF0-AA1A-439E-BB81-3474E9111CF3}.Debug|Any CPU.ActiveCfg = Debug|Any CPU
		{44049BF0-AA1A-439E-BB81-3474E9111CF3}.Debug|Any CPU.Build.0 = Debug|Any CPU
		{44049BF0-AA1A-439E-BB81-3474E9111CF3}.Release|Any CPU.ActiveCfg = Release|Any CPU
		{44049BF0-AA1A-439E-BB81-3474E9111CF3}.Release|Any CPU.Build.0 = Release|Any CPU
	EndGlobalSection
	GlobalSection(SolutionProperties) = preSolution
		HideSolutionNode = FALSE
	EndGlobalSection
	GlobalSection(ExtensibilityGlobals) = postSolution
		SolutionGuid = {AAC10CCA-8627-4714-BF79-D12604EC12C3}
	EndGlobalSection
EndGlobal
